
Microsoft Visual Studio Solution File, Format Version 12.00
Project("{FAE04EC0-301F-11D3-BF4B-00C04F79EFBC}") = "Calculator", "Calculator\Calculator.csproj", "{B924946B-32B5-4DAD-9EED-A5550BB8263B}"
EndProject
Global
	GlobalSection(SolutionConfigurationPlatforms) = preSolution
		Debug|Any CPU = Debug|Any CPU
		Release|Any CPU = Release|Any CPU
	EndGlobalSection
	GlobalSection(ProjectConfigurationPlatforms) = postSolution
		{B924946B-32B5-4DAD-9EED-A5550BB8263B}.Debug|Any CPU.ActiveCfg = Debug|Any CPU
		{B924946B-32B5-4DAD-9EED-A5550BB8263B}.Debug|Any CPU.Build.0 = Debug|Any CPU
		{B924946B-32B5-4DAD-9EED-A5550BB8263B}.Release|Any CPU.ActiveCfg = Release|Any CPU
		{B924946B-32B5-4DAD-9EED-A5550BB8263B}.Release|Any CPU.Build.0 = Release|Any CPU
	EndGlobalSection
EndGlobal
